
Microsoft Visual Studio Solution File, Format Version 12.00
# Visual Studio 15
VisualStudioVersion = 15.0.28307.705
MinimumVisualStudioVersion = 10.0.40219.1
Project("{FAE04EC0-301F-11D3-BF4B-00C04F79EFBC}") = "LBH-WebApp", "LBH-WebApp\LBH-WebApp.csproj", "{6B24359E-F98C-4D6C-8A39-209C7AA237B3}"
EndProject
Project("{FAE04EC0-301F-11D3-BF4B-00C04F79EFBC}") = "LBH-EF-DAL", "LBH-EF-DAL\LBH-EF-DAL.csproj", "{EE70C98F-FFA3-49D3-80C7-B533FAF73D73}"
EndProject
Global
	GlobalSection(SolutionConfigurationPlatforms) = preSolution
		Debug|Any CPU = Debug|Any CPU
		Release|Any CPU = Release|Any CPU
	EndGlobalSection
	GlobalSection(ProjectConfigurationPlatforms) = postSolution
		{6B24359E-F98C-4D6C-8A39-209C7AA237B3}.Debug|Any CPU.ActiveCfg = Debug|Any CPU
		{6B24359E-F98C-4D6C-8A39-209C7AA237B3}.Debug|Any CPU.Build.0 = Debug|Any CPU
		{6B24359E-F98C-4D6C-8A39-209C7AA237B3}.Release|Any CPU.ActiveCfg = Release|Any CPU
		{6B24359E-F98C-4D6C-8A39-209C7AA237B3}.Release|Any CPU.Build.0 = Release|Any CPU
		{EE70C98F-FFA3-49D3-80C7-B533FAF73D73}.Debug|Any CPU.ActiveCfg = Debug|Any CPU
		{EE70C98F-FFA3-49D3-80C7-B533FAF73D73}.Debug|Any CPU.Build.0 = Debug|Any CPU
		{EE70C98F-FFA3-49D3-80C7-B533FAF73D73}.Release|Any CPU.ActiveCfg = Release|Any CPU
		{EE70C98F-FFA3-49D3-80C7-B533FAF73D73}.Release|Any CPU.Build.0 = Release|Any CPU
	EndGlobalSection
	GlobalSection(SolutionProperties) = preSolution
		HideSolutionNode = FALSE
	EndGlobalSection
	GlobalSection(ExtensibilityGlobals) = postSolution
		SolutionGuid = {F4144497-3D81-4318-B98C-203EB3C1F152}
	EndGlobalSection
EndGlobal
